
Microsoft Visual Studio Solution File, Format Version 12.00
# Visual Studio Version 17
VisualStudioVersion = 17.8.34330.188
MinimumVisualStudioVersion = 10.0.40219.1
Project("{9A19103F-16F7-4668-BE54-9A1E7A4F7556}") = "PostMortemTests", "PostMortemTests\PostMortemTests.csproj", "{5E01B3AA-BD45-46A6-8A31-3F43D8A95481}"
EndProject
Project("{9A19103F-16F7-4668-BE54-9A1E7A4F7556}") = "Logging", "PostMortem\Logging.csproj", "{72B18988-81E7-4E00-AEC9-E016A18D0987}"
EndProject
Project("{FAE04EC0-301F-11D3-BF4B-00C04F79EFBC}") = "Common", "Common\Common.csproj", "{B224779B-A494-4AB8-A7F0-F5BE11954E2E}"
EndProject
Project("{FAE04EC0-301F-11D3-BF4B-00C04F79EFBC}") = "Debugging", "Debugging\Debugging.csproj", "{4E45DC75-40E6-40D8-9543-BDD0B3B591CD}"
EndProject
Global
	GlobalSection(SolutionConfigurationPlatforms) = preSolution
		Debug|Any CPU = Debug|Any CPU
		Release|Any CPU = Release|Any CPU
	EndGlobalSection
	GlobalSection(ProjectConfigurationPlatforms) = postSolution
		{5E01B3AA-BD45-46A6-8A31-3F43D8A95481}.Debug|Any CPU.ActiveCfg = Debug|Any CPU
		{5E01B3AA-BD45-46A6-8A31-3F43D8A95481}.Debug|Any CPU.Build.0 = Debug|Any CPU
		{5E01B3AA-BD45-46A6-8A31-3F43D8A95481}.Release|Any CPU.ActiveCfg = Release|Any CPU
		{5E01B3AA-BD45-46A6-8A31-3F43D8A95481}.Release|Any CPU.Build.0 = Release|Any CPU
		{72B18988-81E7-4E00-AEC9-E016A18D0987}.Debug|Any CPU.ActiveCfg = Debug|Any CPU
		{72B18988-81E7-4E00-AEC9-E016A18D0987}.Debug|Any CPU.Build.0 = Debug|Any CPU
		{72B18988-81E7-4E00-AEC9-E016A18D0987}.Release|Any CPU.ActiveCfg = Release|Any CPU
		{72B18988-81E7-4E00-AEC9-E016A18D0987}.Release|Any CPU.Build.0 = Release|Any CPU
		{B224779B-A494-4AB8-A7F0-F5BE11954E2E}.Debug|Any CPU.ActiveCfg = Debug|Any CPU
		{B224779B-A494-4AB8-A7F0-F5BE11954E2E}.Debug|Any CPU.Build.0 = Debug|Any CPU
		{B224779B-A494-4AB8-A7F0-F5BE11954E2E}.Release|Any CPU.ActiveCfg = Release|Any CPU
		{B224779B-A494-4AB8-A7F0-F5BE11954E2E}.Release|Any CPU.Build.0 = Release|Any CPU
		{4E45DC75-40E6-40D8-9543-BDD0B3B591CD}.Debug|Any CPU.ActiveCfg = Debug|Any CPU
		{4E45DC75-40E6-40D8-9543-BDD0B3B591CD}.Debug|Any CPU.Build.0 = Debug|Any CPU
		{4E45DC75-40E6-40D8-9543-BDD0B3B591CD}.Release|Any CPU.ActiveCfg = Release|Any CPU
		{4E45DC75-40E6-40D8-9543-BDD0B3B591CD}.Release|Any CPU.Build.0 = Release|Any CPU
	EndGlobalSection
	GlobalSection(SolutionProperties) = preSolution
		HideSolutionNode = FALSE
	EndGlobalSection
	GlobalSection(ExtensibilityGlobals) = postSolution
		SolutionGuid = {CAEEE00D-9272-4919-9A4F-1CA42CFE1C9C}
	EndGlobalSection
EndGlobal
