
Microsoft Visual Studio Solution File, Format Version 12.00
# Visual Studio Version 17
VisualStudioVersion = 17.8.34511.84
MinimumVisualStudioVersion = 10.0.40219.1
Project("{FAE04EC0-301F-11D3-BF4B-00C04F79EFBC}") = "Common", "Common\Common.csproj", "{16B44B60-1883-4F9F-BF67-E3F0F5A59BBF}"
EndProject
Project("{FAE04EC0-301F-11D3-BF4B-00C04F79EFBC}") = "Debugging", "Debugging\Debugging.csproj", "{7540D3E9-1D2A-45D8-A1CB-87F98C7EDA7A}"
EndProject
Project("{FAE04EC0-301F-11D3-BF4B-00C04F79EFBC}") = "Logging", "Logging\Logging.csproj", "{D5DB82CA-19CE-4D0D-BCA1-E80C48526E2C}"
EndProject
Global
	GlobalSection(SolutionConfigurationPlatforms) = preSolution
		Debug|Any CPU = Debug|Any CPU
		Release|Any CPU = Release|Any CPU
	EndGlobalSection
	GlobalSection(ProjectConfigurationPlatforms) = postSolution
		{16B44B60-1883-4F9F-BF67-E3F0F5A59BBF}.Debug|Any CPU.ActiveCfg = Debug|Any CPU
		{16B44B60-1883-4F9F-BF67-E3F0F5A59BBF}.Debug|Any CPU.Build.0 = Debug|Any CPU
		{16B44B60-1883-4F9F-BF67-E3F0F5A59BBF}.Release|Any CPU.ActiveCfg = Release|Any CPU
		{16B44B60-1883-4F9F-BF67-E3F0F5A59BBF}.Release|Any CPU.Build.0 = Release|Any CPU
		{7540D3E9-1D2A-45D8-A1CB-87F98C7EDA7A}.Debug|Any CPU.ActiveCfg = Debug|Any CPU
		{7540D3E9-1D2A-45D8-A1CB-87F98C7EDA7A}.Debug|Any CPU.Build.0 = Debug|Any CPU
		{7540D3E9-1D2A-45D8-A1CB-87F98C7EDA7A}.Release|Any CPU.ActiveCfg = Release|Any CPU
		{7540D3E9-1D2A-45D8-A1CB-87F98C7EDA7A}.Release|Any CPU.Build.0 = Release|Any CPU
		{D5DB82CA-19CE-4D0D-BCA1-E80C48526E2C}.Debug|Any CPU.ActiveCfg = Debug|Any CPU
		{D5DB82CA-19CE-4D0D-BCA1-E80C48526E2C}.Debug|Any CPU.Build.0 = Debug|Any CPU
		{D5DB82CA-19CE-4D0D-BCA1-E80C48526E2C}.Release|Any CPU.ActiveCfg = Release|Any CPU
		{D5DB82CA-19CE-4D0D-BCA1-E80C48526E2C}.Release|Any CPU.Build.0 = Release|Any CPU
	EndGlobalSection
	GlobalSection(SolutionProperties) = preSolution
		HideSolutionNode = FALSE
	EndGlobalSection
	GlobalSection(ExtensibilityGlobals) = postSolution
		SolutionGuid = {2E4C6FB5-75CB-4A8B-AB12-F8F02D393906}
	EndGlobalSection
EndGlobal
